<Solution>
  <Project Path="UniGLTF.csproj" />
  <Project Path="Assembly-CSharp.csproj" />
  <Project Path="VRM.csproj" />
  <Project Path="ThryAssemblyDefinition.csproj" />
  <Project Path="VrmLib.csproj" />
  <Project Path="lilToon.Editor.External.csproj" />
  <Project Path="VRM10.csproj" />
  <Project Path="UniVRM.Editor.csproj" />
  <Project Path="com.lachee.discordrpc.runtime.csproj" />
  <Project Path="Assembly-CSharp-Editor.csproj" />
  <Project Path="lilToon.Editor.csproj" />
  <Project Path="UniGLTF.Editor.csproj" />
  <Project Path="Poi.Tools.csproj" />
  <Project Path="UniGLTF.Tests.csproj" />
  <Project Path="VRM10.Tests.csproj" />
  <Project Path="SpringBoneJobs.csproj" />
  <Project Path="VRM10.Editor.csproj" />
  <Project Path="UniHumanoid.csproj" />
  <Project Path="uWindowCapture.Runtime.csproj" />
  <Project Path="MToon.csproj" />
  <Project Path="undream.llmunity.Runtime.csproj" />
  <Project Path="UniGLTF.Utils.csproj" />
  <Project Path="VRM10.MToon10.Editor.csproj" />
  <Project Path="VRM10.MToon10.csproj" />
  <Project Path="ThryExternal.csproj" />
  <Project Path="VRM.Tests.csproj" />
  <Project Path="com.lachee.discordrpc.editor.csproj" />
  <Project Path="undream.llmunity.Editor.csproj" />
  <Project Path="VrmLibTests.csproj" />
  <Project Path="Cloud.Unum.USearch.csproj" />
  <Project Path="UniHumanoid.Editor.csproj" />
  <Project Path="uWindowCapture.Editor.csproj" />
  <Project Path="VRM.Samples.Editor.Tests.csproj" />
  <Project Path="UniHumanoid.Editor.Tests.csproj" />
  <Project Path="UniGLTF.UniUnlit.Editor.csproj" />
  <Project Path="undream.llmunity.Runtime.Tests.csproj" />
  <Project Path="MToon.Editor.csproj" />
  <Project Path="UniGLTF.UniUnlit.csproj" />
  <Project Path="FastSpringBone10.csproj" />
  <Project Path="VRM10.MToon10.Tests.csproj" />
</Solution>
